
Microsoft Visual Studio Solution File, Format Version 12.00
# Visual Studio Version 17
VisualStudioVersion = 17.2.32526.322
MinimumVisualStudioVersion = 10.0.40219.1
Project("{FAE04EC0-301F-11D3-BF4B-00C04F79EFBC}") = "Multiplication_table", "Multiplication_table\Multiplication_table.csproj", "{5E605309-982A-4A26-A779-419964D069E0}"
EndProject
Global
	GlobalSection(SolutionConfigurationPlatforms) = preSolution
		Debug|Any CPU = Debug|Any CPU
		Release|Any CPU = Release|Any CPU
	EndGlobalSection
	GlobalSection(ProjectConfigurationPlatforms) = postSolution
		{5E605309-982A-4A26-A779-419964D069E0}.Debug|Any CPU.ActiveCfg = Debug|Any CPU
		{5E605309-982A-4A26-A779-419964D069E0}.Debug|Any CPU.Build.0 = Debug|Any CPU
		{5E605309-982A-4A26-A779-419964D069E0}.Release|Any CPU.ActiveCfg = Release|Any CPU
		{5E605309-982A-4A26-A779-419964D069E0}.Release|Any CPU.Build.0 = Release|Any CPU
	EndGlobalSection
	GlobalSection(SolutionProperties) = preSolution
		HideSolutionNode = FALSE
	EndGlobalSection
	GlobalSection(ExtensibilityGlobals) = postSolution
		SolutionGuid = {B0EFE32D-2F07-4E62-9BED-93CE2F8236A3}
	EndGlobalSection
EndGlobal
