
Microsoft Visual Studio Solution File, Format Version 12.00
# Visual Studio Version 17
VisualStudioVersion = 17.2.32526.322
MinimumVisualStudioVersion = 10.0.40219.1
Project("{FAE04EC0-301F-11D3-BF4B-00C04F79EFBC}") = "ODF_Practise_2022_Vol2.0", "ODF_Practise_2022_Vol2.0\ODF_Practise_2022_Vol2.0.csproj", "{5B44B30A-2D04-4D23-B16A-8D0A1BC819B9}"
EndProject
Global
	GlobalSection(SolutionConfigurationPlatforms) = preSolution
		Debug|Any CPU = Debug|Any CPU
		Release|Any CPU = Release|Any CPU
	EndGlobalSection
	GlobalSection(ProjectConfigurationPlatforms) = postSolution
		{5B44B30A-2D04-4D23-B16A-8D0A1BC819B9}.Debug|Any CPU.ActiveCfg = Debug|Any CPU
		{5B44B30A-2D04-4D23-B16A-8D0A1BC819B9}.Debug|Any CPU.Build.0 = Debug|Any CPU
		{5B44B30A-2D04-4D23-B16A-8D0A1BC819B9}.Release|Any CPU.ActiveCfg = Release|Any CPU
		{5B44B30A-2D04-4D23-B16A-8D0A1BC819B9}.Release|Any CPU.Build.0 = Release|Any CPU
	EndGlobalSection
	GlobalSection(SolutionProperties) = preSolution
		HideSolutionNode = FALSE
	EndGlobalSection
	GlobalSection(ExtensibilityGlobals) = postSolution
		SolutionGuid = {DC83E9C2-F586-4921-AF60-3EEE9868CFF9}
	EndGlobalSection
EndGlobal
