
Microsoft Visual Studio Solution File, Format Version 12.00
# Visual Studio Version 17
VisualStudioVersion = 17.2.32526.322
MinimumVisualStudioVersion = 10.0.40219.1
Project("{FAE04EC0-301F-11D3-BF4B-00C04F79EFBC}") = "XML_Practise_2022", "XML_Practise_2022\XML_Practise_2022.csproj", "{A3DA9048-EF58-46B2-97B5-3DC254035F6F}"
EndProject
Global
	GlobalSection(SolutionConfigurationPlatforms) = preSolution
		Debug|Any CPU = Debug|Any CPU
		Release|Any CPU = Release|Any CPU
	EndGlobalSection
	GlobalSection(ProjectConfigurationPlatforms) = postSolution
		{A3DA9048-EF58-46B2-97B5-3DC254035F6F}.Debug|Any CPU.ActiveCfg = Debug|Any CPU
		{A3DA9048-EF58-46B2-97B5-3DC254035F6F}.Debug|Any CPU.Build.0 = Debug|Any CPU
		{A3DA9048-EF58-46B2-97B5-3DC254035F6F}.Release|Any CPU.ActiveCfg = Release|Any CPU
		{A3DA9048-EF58-46B2-97B5-3DC254035F6F}.Release|Any CPU.Build.0 = Release|Any CPU
	EndGlobalSection
	GlobalSection(SolutionProperties) = preSolution
		HideSolutionNode = FALSE
	EndGlobalSection
	GlobalSection(ExtensibilityGlobals) = postSolution
		SolutionGuid = {3BF20D2E-6FAD-479B-962A-13D0E650F80F}
	EndGlobalSection
EndGlobal
